// !$*UTF8*$!
{
	archiveVersion = 1;
	classes = {
	};
	objectVersion = 51;
	objects = {

/* Begin PBXBuildFile section */
		0F899BD024909172A85EA5FF /* Pods_WatchRoom.framework in Frameworks */ = {isa = PBXBuildFile; fileRef = 40230B4A2AE2F1F5E0133239 /* Pods_WatchRoom.framework */; };
		4315CC2724ECF9DC0067B7D1 /* GoogleService-Info.plist in Resources */ = {isa = PBXBuildFile; fileRef = 4315CC2624ECF9DC0067B7D1 /* GoogleService-Info.plist */; };
		4315FB1424EF5689001BEDFD /* UserService.swift in Sources */ = {isa = PBXBuildFile; fileRef = 4315FB1324EF5689001BEDFD /* UserService.swift */; };
		4315FB1624EF6A66001BEDFD /* MovieResult.swift in Sources */ = {isa = PBXBuildFile; fileRef = 4315FB1524EF6A66001BEDFD /* MovieResult.swift */; };
		4315FB1824EF6D8C001BEDFD /* MovieService.swift in Sources */ = {isa = PBXBuildFile; fileRef = 4315FB1724EF6D8C001BEDFD /* MovieService.swift */; };
		4315FB1A24EF7EFB001BEDFD /* MovieFeed.swift in Sources */ = {isa = PBXBuildFile; fileRef = 4315FB1924EF7EFB001BEDFD /* MovieFeed.swift */; };
		4315FB1D24EF8A18001BEDFD /* MovieCell.swift in Sources */ = {isa = PBXBuildFile; fileRef = 4315FB1B24EF8A18001BEDFD /* MovieCell.swift */; };
		4315FB1E24EF8A18001BEDFD /* MovieCell.xib in Resources */ = {isa = PBXBuildFile; fileRef = 4315FB1C24EF8A18001BEDFD /* MovieCell.xib */; };
		431ECD3024FA195A004C64D4 /* WRButton.swift in Sources */ = {isa = PBXBuildFile; fileRef = 431ECD2F24FA195A004C64D4 /* WRButton.swift */; };
		431ECD3224FB30D3004C64D4 /* WatchListVC.swift in Sources */ = {isa = PBXBuildFile; fileRef = 431ECD3124FB30D2004C64D4 /* WatchListVC.swift */; };
		4339A84824EFB0E200179C12 /* SectionHeader.swift in Sources */ = {isa = PBXBuildFile; fileRef = 4339A84624EFB0E200179C12 /* SectionHeader.swift */; };
		4339A84924EFB0E200179C12 /* SectionHeader.xib in Resources */ = {isa = PBXBuildFile; fileRef = 4339A84724EFB0E200179C12 /* SectionHeader.xib */; };
		43427D0B24F8AFD400DF6BE3 /* UIImageExtension.swift in Sources */ = {isa = PBXBuildFile; fileRef = 43427D0A24F8AFD400DF6BE3 /* UIImageExtension.swift */; };
		43427D1024F919EC00DF6BE3 /* DateExtension.swift in Sources */ = {isa = PBXBuildFile; fileRef = 43427D0F24F919EC00DF6BE3 /* DateExtension.swift */; };
		43427D1224F9E8FD00DF6BE3 /* GradientView.swift in Sources */ = {isa = PBXBuildFile; fileRef = 43427D1124F9E8FC00DF6BE3 /* GradientView.swift */; };
		43427D1524F9EDC300DF6BE3 /* GenreCell.swift in Sources */ = {isa = PBXBuildFile; fileRef = 43427D1324F9EDC300DF6BE3 /* GenreCell.swift */; };
		43427D1624F9EDC300DF6BE3 /* GenreCell.xib in Resources */ = {isa = PBXBuildFile; fileRef = 43427D1424F9EDC300DF6BE3 /* GenreCell.xib */; };
		436EAFC824F763EB0093A9AC /* PersonCell.swift in Sources */ = {isa = PBXBuildFile; fileRef = 436EAFC624F763EB0093A9AC /* PersonCell.swift */; };
		436EAFC924F763EB0093A9AC /* PersonCell.xib in Resources */ = {isa = PBXBuildFile; fileRef = 436EAFC724F763EB0093A9AC /* PersonCell.xib */; };
		436EAFCE24F764140093A9AC /* DescriptionCell.swift in Sources */ = {isa = PBXBuildFile; fileRef = 436EAFCC24F764140093A9AC /* DescriptionCell.swift */; };
		436EAFCF24F764140093A9AC /* DescriptionCell.xib in Resources */ = {isa = PBXBuildFile; fileRef = 436EAFCD24F764140093A9AC /* DescriptionCell.xib */; };
		436EAFD524F766520093A9AC /* DetailHeader.swift in Sources */ = {isa = PBXBuildFile; fileRef = 436EAFD324F766520093A9AC /* DetailHeader.swift */; };
		436EAFD624F766520093A9AC /* DetailHeader.xib in Resources */ = {isa = PBXBuildFile; fileRef = 436EAFD424F766520093A9AC /* DetailHeader.xib */; };
		4376CBE024F53ED9009C1B82 /* MovieDetail.swift in Sources */ = {isa = PBXBuildFile; fileRef = 4376CBDF24F53ED8009C1B82 /* MovieDetail.swift */; };
		4376CBE224F53FAA009C1B82 /* Genre.swift in Sources */ = {isa = PBXBuildFile; fileRef = 4376CBE124F53FAA009C1B82 /* Genre.swift */; };
		43B9B85E24F2646F00A4211C /* MovieDetailVC.swift in Sources */ = {isa = PBXBuildFile; fileRef = 43B9B85D24F2646F00A4211C /* MovieDetailVC.swift */; };
		43B9B86524F3627B00A4211C /* Section.swift in Sources */ = {isa = PBXBuildFile; fileRef = 43B9B86424F3627B00A4211C /* Section.swift */; };
		43B9B86724F3BEAE00A4211C /* AllMoviesVC.swift in Sources */ = {isa = PBXBuildFile; fileRef = 43B9B86624F3BEAE00A4211C /* AllMoviesVC.swift */; };
		43D9688B24EDE99600A1EE49 /* Constants.swift in Sources */ = {isa = PBXBuildFile; fileRef = 43D9688A24EDE99600A1EE49 /* Constants.swift */; };
		43D9688D24EDE9AC00A1EE49 /* Secrets.swift in Sources */ = {isa = PBXBuildFile; fileRef = 43D9688C24EDE9AC00A1EE49 /* Secrets.swift */; };
		43D9688F24EDEA0B00A1EE49 /* RESTful.swift in Sources */ = {isa = PBXBuildFile; fileRef = 43D9688E24EDEA0B00A1EE49 /* RESTful.swift */; };
		43D9689524EDFCEA00A1EE49 /* UIColorExtension.swift in Sources */ = {isa = PBXBuildFile; fileRef = 43D9689424EDFCEA00A1EE49 /* UIColorExtension.swift */; };
		43D9689724EE11DB00A1EE49 /* UIViewExtension.swift in Sources */ = {isa = PBXBuildFile; fileRef = 43D9689624EE11DB00A1EE49 /* UIViewExtension.swift */; };
		43D9689924EE127400A1EE49 /* AuthVC.swift in Sources */ = {isa = PBXBuildFile; fileRef = 43D9689824EE127400A1EE49 /* AuthVC.swift */; };
		43D9689B24EE132B00A1EE49 /* UIViewControllerExtension.swift in Sources */ = {isa = PBXBuildFile; fileRef = 43D9689A24EE132B00A1EE49 /* UIViewControllerExtension.swift */; };
		43F092AA24F1F842000DC2AD /* ReviewManager.swift in Sources */ = {isa = PBXBuildFile; fileRef = 43F092A924F1F841000DC2AD /* ReviewManager.swift */; };
		43F092AC24F25FFE000DC2AD /* SearchVC.swift in Sources */ = {isa = PBXBuildFile; fileRef = 43F092AB24F25FFE000DC2AD /* SearchVC.swift */; };
		43F4E26D24ECE8900075CAF1 /* AppDelegate.swift in Sources */ = {isa = PBXBuildFile; fileRef = 43F4E26C24ECE8900075CAF1 /* AppDelegate.swift */; };
		43F4E26F24ECE8900075CAF1 /* SceneDelegate.swift in Sources */ = {isa = PBXBuildFile; fileRef = 43F4E26E24ECE8900075CAF1 /* SceneDelegate.swift */; };
		43F4E27124ECE8900075CAF1 /* DiscoverVC.swift in Sources */ = {isa = PBXBuildFile; fileRef = 43F4E27024ECE8900075CAF1 /* DiscoverVC.swift */; };
		43F4E27424ECE8900075CAF1 /* Main.storyboard in Resources */ = {isa = PBXBuildFile; fileRef = 43F4E27224ECE8900075CAF1 /* Main.storyboard */; };
		43F4E27824ECE8920075CAF1 /* Assets.xcassets in Resources */ = {isa = PBXBuildFile; fileRef = 43F4E27724ECE8920075CAF1 /* Assets.xcassets */; };
		43F4E27B24ECE8920075CAF1 /* LaunchScreen.storyboard in Resources */ = {isa = PBXBuildFile; fileRef = 43F4E27924ECE8920075CAF1 /* LaunchScreen.storyboard */; };
		43F4E28624ECE8920075CAF1 /* WatchRoomTests.swift in Sources */ = {isa = PBXBuildFile; fileRef = 43F4E28524ECE8920075CAF1 /* WatchRoomTests.swift */; };
		43F4E29124ECE8920075CAF1 /* WatchRoomUITests.swift in Sources */ = {isa = PBXBuildFile; fileRef = 43F4E29024ECE8920075CAF1 /* WatchRoomUITests.swift */; };
		4507C8526961906C8A1688F3 /* Pods_WatchRoom_WatchRoomUITests.framework in Frameworks */ = {isa = PBXBuildFile; fileRef = 0DC3E357ED31A5144FF58E1E /* Pods_WatchRoom_WatchRoomUITests.framework */; };
		BBF7D8A8C67FBFE2AF557A41 /* Pods_WatchRoomTests.framework in Frameworks */ = {isa = PBXBuildFile; fileRef = F02046E1EF9CD7B76792B4C2 /* Pods_WatchRoomTests.framework */; };
/* End PBXBuildFile section */

/* Begin PBXContainerItemProxy section */
		43F4E28224ECE8920075CAF1 /* PBXContainerItemProxy */ = {
			isa = PBXContainerItemProxy;
			containerPortal = 43F4E26124ECE8900075CAF1 /* Project object */;
			proxyType = 1;
			remoteGlobalIDString = 43F4E26824ECE8900075CAF1;
			remoteInfo = WatchRoom;
		};
		43F4E28D24ECE8920075CAF1 /* PBXContainerItemProxy */ = {
			isa = PBXContainerItemProxy;
			containerPortal = 43F4E26124ECE8900075CAF1 /* Project object */;
			proxyType = 1;
			remoteGlobalIDString = 43F4E26824ECE8900075CAF1;
			remoteInfo = WatchRoom;
		};
/* End PBXContainerItemProxy section */

/* Begin PBXFileReference section */
		076AB5D4B06EB67332EB629D /* Pods-WatchRoom-WatchRoomUITests.debug.xcconfig */ = {isa = PBXFileReference; includeInIndex = 1; lastKnownFileType = text.xcconfig; name = "Pods-WatchRoom-WatchRoomUITests.debug.xcconfig"; path = "Target Support Files/Pods-WatchRoom-WatchRoomUITests/Pods-WatchRoom-WatchRoomUITests.debug.xcconfig"; sourceTree = "<group>"; };
		0DC3E357ED31A5144FF58E1E /* Pods_WatchRoom_WatchRoomUITests.framework */ = {isa = PBXFileReference; explicitFileType = wrapper.framework; includeInIndex = 0; path = Pods_WatchRoom_WatchRoomUITests.framework; sourceTree = BUILT_PRODUCTS_DIR; };
		3C3E6C21A2714A0DDF472652 /* Pods-WatchRoom.release.xcconfig */ = {isa = PBXFileReference; includeInIndex = 1; lastKnownFileType = text.xcconfig; name = "Pods-WatchRoom.release.xcconfig"; path = "Target Support Files/Pods-WatchRoom/Pods-WatchRoom.release.xcconfig"; sourceTree = "<group>"; };
		40230B4A2AE2F1F5E0133239 /* Pods_WatchRoom.framework */ = {isa = PBXFileReference; explicitFileType = wrapper.framework; includeInIndex = 0; path = Pods_WatchRoom.framework; sourceTree = BUILT_PRODUCTS_DIR; };
		40DDF7CA8B29612EE7388BD7 /* Pods-WatchRoomTests.release.xcconfig */ = {isa = PBXFileReference; includeInIndex = 1; lastKnownFileType = text.xcconfig; name = "Pods-WatchRoomTests.release.xcconfig"; path = "Target Support Files/Pods-WatchRoomTests/Pods-WatchRoomTests.release.xcconfig"; sourceTree = "<group>"; };
		4315CC2624ECF9DC0067B7D1 /* GoogleService-Info.plist */ = {isa = PBXFileReference; fileEncoding = 4; lastKnownFileType = text.plist.xml; path = "GoogleService-Info.plist"; sourceTree = "<group>"; };
		4315FB1324EF5689001BEDFD /* UserService.swift */ = {isa = PBXFileReference; lastKnownFileType = sourcecode.swift; path = UserService.swift; sourceTree = "<group>"; };
		4315FB1524EF6A66001BEDFD /* MovieResult.swift */ = {isa = PBXFileReference; lastKnownFileType = sourcecode.swift; path = MovieResult.swift; sourceTree = "<group>"; };
		4315FB1724EF6D8C001BEDFD /* MovieService.swift */ = {isa = PBXFileReference; lastKnownFileType = sourcecode.swift; path = MovieService.swift; sourceTree = "<group>"; };
		4315FB1924EF7EFB001BEDFD /* MovieFeed.swift */ = {isa = PBXFileReference; lastKnownFileType = sourcecode.swift; path = MovieFeed.swift; sourceTree = "<group>"; };
		4315FB1B24EF8A18001BEDFD /* MovieCell.swift */ = {isa = PBXFileReference; lastKnownFileType = sourcecode.swift; path = MovieCell.swift; sourceTree = "<group>"; };
		4315FB1C24EF8A18001BEDFD /* MovieCell.xib */ = {isa = PBXFileReference; lastKnownFileType = file.xib; path = MovieCell.xib; sourceTree = "<group>"; };
		431ECD2F24FA195A004C64D4 /* WRButton.swift */ = {isa = PBXFileReference; lastKnownFileType = sourcecode.swift; path = WRButton.swift; sourceTree = "<group>"; };
		431ECD3124FB30D2004C64D4 /* WatchListVC.swift */ = {isa = PBXFileReference; lastKnownFileType = sourcecode.swift; path = WatchListVC.swift; sourceTree = "<group>"; };
		4339A84624EFB0E200179C12 /* SectionHeader.swift */ = {isa = PBXFileReference; lastKnownFileType = sourcecode.swift; path = SectionHeader.swift; sourceTree = "<group>"; };
		4339A84724EFB0E200179C12 /* SectionHeader.xib */ = {isa = PBXFileReference; lastKnownFileType = file.xib; path = SectionHeader.xib; sourceTree = "<group>"; };
		43427D0A24F8AFD400DF6BE3 /* UIImageExtension.swift */ = {isa = PBXFileReference; lastKnownFileType = sourcecode.swift; path = UIImageExtension.swift; sourceTree = "<group>"; };
		43427D0F24F919EC00DF6BE3 /* DateExtension.swift */ = {isa = PBXFileReference; lastKnownFileType = sourcecode.swift; path = DateExtension.swift; sourceTree = "<group>"; };
		43427D1124F9E8FC00DF6BE3 /* GradientView.swift */ = {isa = PBXFileReference; lastKnownFileType = sourcecode.swift; path = GradientView.swift; sourceTree = "<group>"; };
		43427D1324F9EDC300DF6BE3 /* GenreCell.swift */ = {isa = PBXFileReference; lastKnownFileType = sourcecode.swift; name = GenreCell.swift; path = "../New Group/GenreCell.swift"; sourceTree = "<group>"; };
		43427D1424F9EDC300DF6BE3 /* GenreCell.xib */ = {isa = PBXFileReference; lastKnownFileType = file.xib; path = GenreCell.xib; sourceTree = "<group>"; };
		436EAFC624F763EB0093A9AC /* PersonCell.swift */ = {isa = PBXFileReference; lastKnownFileType = sourcecode.swift; path = PersonCell.swift; sourceTree = "<group>"; };
		436EAFC724F763EB0093A9AC /* PersonCell.xib */ = {isa = PBXFileReference; lastKnownFileType = file.xib; path = PersonCell.xib; sourceTree = "<group>"; };
		436EAFCC24F764140093A9AC /* DescriptionCell.swift */ = {isa = PBXFileReference; lastKnownFileType = sourcecode.swift; path = DescriptionCell.swift; sourceTree = "<group>"; };
		436EAFCD24F764140093A9AC /* DescriptionCell.xib */ = {isa = PBXFileReference; lastKnownFileType = file.xib; path = DescriptionCell.xib; sourceTree = "<group>"; };
		436EAFD324F766520093A9AC /* DetailHeader.swift */ = {isa = PBXFileReference; lastKnownFileType = sourcecode.swift; path = DetailHeader.swift; sourceTree = "<group>"; };
		436EAFD424F766520093A9AC /* DetailHeader.xib */ = {isa = PBXFileReference; lastKnownFileType = file.xib; path = DetailHeader.xib; sourceTree = "<group>"; };
		4376CBDF24F53ED8009C1B82 /* MovieDetail.swift */ = {isa = PBXFileReference; lastKnownFileType = sourcecode.swift; path = MovieDetail.swift; sourceTree = "<group>"; };
		4376CBE124F53FAA009C1B82 /* Genre.swift */ = {isa = PBXFileReference; lastKnownFileType = sourcecode.swift; path = Genre.swift; sourceTree = "<group>"; };
		43845D6B24ED031C00448552 /* WatchRoom.entitlements */ = {isa = PBXFileReference; lastKnownFileType = text.plist.entitlements; path = WatchRoom.entitlements; sourceTree = "<group>"; };
		43B9B85D24F2646F00A4211C /* MovieDetailVC.swift */ = {isa = PBXFileReference; lastKnownFileType = sourcecode.swift; path = MovieDetailVC.swift; sourceTree = "<group>"; };
		43B9B86424F3627B00A4211C /* Section.swift */ = {isa = PBXFileReference; lastKnownFileType = sourcecode.swift; path = Section.swift; sourceTree = "<group>"; };
		43B9B86624F3BEAE00A4211C /* AllMoviesVC.swift */ = {isa = PBXFileReference; lastKnownFileType = sourcecode.swift; path = AllMoviesVC.swift; sourceTree = "<group>"; };
		43D9688A24EDE99600A1EE49 /* Constants.swift */ = {isa = PBXFileReference; lastKnownFileType = sourcecode.swift; path = Constants.swift; sourceTree = "<group>"; };
		43D9688C24EDE9AC00A1EE49 /* Secrets.swift */ = {isa = PBXFileReference; lastKnownFileType = sourcecode.swift; path = Secrets.swift; sourceTree = "<group>"; };
		43D9688E24EDEA0B00A1EE49 /* RESTful.swift */ = {isa = PBXFileReference; fileEncoding = 4; lastKnownFileType = sourcecode.swift; path = RESTful.swift; sourceTree = "<group>"; };
		43D9689424EDFCEA00A1EE49 /* UIColorExtension.swift */ = {isa = PBXFileReference; lastKnownFileType = sourcecode.swift; path = UIColorExtension.swift; sourceTree = "<group>"; };
		43D9689624EE11DB00A1EE49 /* UIViewExtension.swift */ = {isa = PBXFileReference; lastKnownFileType = sourcecode.swift; path = UIViewExtension.swift; sourceTree = "<group>"; };
		43D9689824EE127400A1EE49 /* AuthVC.swift */ = {isa = PBXFileReference; lastKnownFileType = sourcecode.swift; path = AuthVC.swift; sourceTree = "<group>"; };
		43D9689A24EE132B00A1EE49 /* UIViewControllerExtension.swift */ = {isa = PBXFileReference; lastKnownFileType = sourcecode.swift; path = UIViewControllerExtension.swift; sourceTree = "<group>"; };
		43F092A924F1F841000DC2AD /* ReviewManager.swift */ = {isa = PBXFileReference; lastKnownFileType = sourcecode.swift; path = ReviewManager.swift; sourceTree = "<group>"; };
		43F092AB24F25FFE000DC2AD /* SearchVC.swift */ = {isa = PBXFileReference; lastKnownFileType = sourcecode.swift; path = SearchVC.swift; sourceTree = "<group>"; };
		43F4E26924ECE8900075CAF1 /* WatchRoom.app */ = {isa = PBXFileReference; explicitFileType = wrapper.application; includeInIndex = 0; path = WatchRoom.app; sourceTree = BUILT_PRODUCTS_DIR; };
		43F4E26C24ECE8900075CAF1 /* AppDelegate.swift */ = {isa = PBXFileReference; lastKnownFileType = sourcecode.swift; path = AppDelegate.swift; sourceTree = "<group>"; };
		43F4E26E24ECE8900075CAF1 /* SceneDelegate.swift */ = {isa = PBXFileReference; lastKnownFileType = sourcecode.swift; path = SceneDelegate.swift; sourceTree = "<group>"; };
		43F4E27024ECE8900075CAF1 /* DiscoverVC.swift */ = {isa = PBXFileReference; lastKnownFileType = sourcecode.swift; path = DiscoverVC.swift; sourceTree = "<group>"; };
		43F4E27324ECE8900075CAF1 /* Base */ = {isa = PBXFileReference; lastKnownFileType = file.storyboard; name = Base; path = Base.lproj/Main.storyboard; sourceTree = "<group>"; };
		43F4E27724ECE8920075CAF1 /* Assets.xcassets */ = {isa = PBXFileReference; lastKnownFileType = folder.assetcatalog; path = Assets.xcassets; sourceTree = "<group>"; };
		43F4E27A24ECE8920075CAF1 /* Base */ = {isa = PBXFileReference; lastKnownFileType = file.storyboard; name = Base; path = Base.lproj/LaunchScreen.storyboard; sourceTree = "<group>"; };
		43F4E27C24ECE8920075CAF1 /* Info.plist */ = {isa = PBXFileReference; lastKnownFileType = text.plist.xml; path = Info.plist; sourceTree = "<group>"; };
		43F4E28124ECE8920075CAF1 /* WatchRoomTests.xctest */ = {isa = PBXFileReference; explicitFileType = wrapper.cfbundle; includeInIndex = 0; path = WatchRoomTests.xctest; sourceTree = BUILT_PRODUCTS_DIR; };
		43F4E28524ECE8920075CAF1 /* WatchRoomTests.swift */ = {isa = PBXFileReference; lastKnownFileType = sourcecode.swift; path = WatchRoomTests.swift; sourceTree = "<group>"; };
		43F4E28724ECE8920075CAF1 /* Info.plist */ = {isa = PBXFileReference; lastKnownFileType = text.plist.xml; path = Info.plist; sourceTree = "<group>"; };
		43F4E28C24ECE8920075CAF1 /* WatchRoomUITests.xctest */ = {isa = PBXFileReference; explicitFileType = wrapper.cfbundle; includeInIndex = 0; path = WatchRoomUITests.xctest; sourceTree = BUILT_PRODUCTS_DIR; };
		43F4E29024ECE8920075CAF1 /* WatchRoomUITests.swift */ = {isa = PBXFileReference; lastKnownFileType = sourcecode.swift; path = WatchRoomUITests.swift; sourceTree = "<group>"; };
		43F4E29224ECE8920075CAF1 /* Info.plist */ = {isa = PBXFileReference; lastKnownFileType = text.plist.xml; path = Info.plist; sourceTree = "<group>"; };
		4A9785891997D648CC43B984 /* Pods-WatchRoom.debug.xcconfig */ = {isa = PBXFileReference; includeInIndex = 1; lastKnownFileType = text.xcconfig; name = "Pods-WatchRoom.debug.xcconfig"; path = "Target Support Files/Pods-WatchRoom/Pods-WatchRoom.debug.xcconfig"; sourceTree = "<group>"; };
		4CBDFF5FD4E78346E41347F9 /* Pods-WatchRoom-WatchRoomUITests.release.xcconfig */ = {isa = PBXFileReference; includeInIndex = 1; lastKnownFileType = text.xcconfig; name = "Pods-WatchRoom-WatchRoomUITests.release.xcconfig"; path = "Target Support Files/Pods-WatchRoom-WatchRoomUITests/Pods-WatchRoom-WatchRoomUITests.release.xcconfig"; sourceTree = "<group>"; };
		6DD244B6199BB9CAE7A89AD4 /* Pods-WatchRoomTests.debug.xcconfig */ = {isa = PBXFileReference; includeInIndex = 1; lastKnownFileType = text.xcconfig; name = "Pods-WatchRoomTests.debug.xcconfig"; path = "Target Support Files/Pods-WatchRoomTests/Pods-WatchRoomTests.debug.xcconfig"; sourceTree = "<group>"; };
		F02046E1EF9CD7B76792B4C2 /* Pods_WatchRoomTests.framework */ = {isa = PBXFileReference; explicitFileType = wrapper.framework; includeInIndex = 0; path = Pods_WatchRoomTests.framework; sourceTree = BUILT_PRODUCTS_DIR; };
/* End PBXFileReference section */

/* Begin PBXFrameworksBuildPhase section */
		43F4E26624ECE8900075CAF1 /* Frameworks */ = {
			isa = PBXFrameworksBuildPhase;
			buildActionMask = 2147483647;
			files = (
				0F899BD024909172A85EA5FF /* Pods_WatchRoom.framework in Frameworks */,
			);
			runOnlyForDeploymentPostprocessing = 0;
		};
		43F4E27E24ECE8920075CAF1 /* Frameworks */ = {
			isa = PBXFrameworksBuildPhase;
			buildActionMask = 2147483647;
			files = (
				BBF7D8A8C67FBFE2AF557A41 /* Pods_WatchRoomTests.framework in Frameworks */,
			);
			runOnlyForDeploymentPostprocessing = 0;
		};
		43F4E28924ECE8920075CAF1 /* Frameworks */ = {
			isa = PBXFrameworksBuildPhase;
			buildActionMask = 2147483647;
			files = (
				4507C8526961906C8A1688F3 /* Pods_WatchRoom_WatchRoomUITests.framework in Frameworks */,
			);
			runOnlyForDeploymentPostprocessing = 0;
		};
/* End PBXFrameworksBuildPhase section */

/* Begin PBXGroup section */
		4315FB1224EF566D001BEDFD /* Service */ = {
			isa = PBXGroup;
			children = (
				4315FB1724EF6D8C001BEDFD /* MovieService.swift */,
				4315FB1324EF5689001BEDFD /* UserService.swift */,
			);
			path = Service;
			sourceTree = "<group>";
		};
		4339A84424EFB02C00179C12 /* MovieCell */ = {
			isa = PBXGroup;
			children = (
				4315FB1B24EF8A18001BEDFD /* MovieCell.swift */,
				4315FB1C24EF8A18001BEDFD /* MovieCell.xib */,
			);
			path = MovieCell;
			sourceTree = "<group>";
		};
		43427D1724F9EDC900DF6BE3 /* GenreCell */ = {
			isa = PBXGroup;
			children = (
				43427D1324F9EDC300DF6BE3 /* GenreCell.swift */,
				43427D1424F9EDC300DF6BE3 /* GenreCell.xib */,
			);
			path = GenreCell;
			sourceTree = "<group>";
		};
		436EAFC024F763850093A9AC /* PersonCell */ = {
			isa = PBXGroup;
			children = (
				436EAFC624F763EB0093A9AC /* PersonCell.swift */,
				436EAFC724F763EB0093A9AC /* PersonCell.xib */,
			);
			path = PersonCell;
			sourceTree = "<group>";
		};
		436EAFC324F763BC0093A9AC /* DescriptionCell */ = {
			isa = PBXGroup;
			children = (
				436EAFCC24F764140093A9AC /* DescriptionCell.swift */,
				436EAFCD24F764140093A9AC /* DescriptionCell.xib */,
			);
			path = DescriptionCell;
			sourceTree = "<group>";
		};
		436EAFD024F766050093A9AC /* Header */ = {
			isa = PBXGroup;
			children = (
				436EAFD224F766240093A9AC /* DetailHeader */,
				436EAFD124F766150093A9AC /* SectionHeader */,
			);
			path = Header;
			sourceTree = "<group>";
		};
		436EAFD124F766150093A9AC /* SectionHeader */ = {
			isa = PBXGroup;
			children = (
				4339A84624EFB0E200179C12 /* SectionHeader.swift */,
				4339A84724EFB0E200179C12 /* SectionHeader.xib */,
			);
			path = SectionHeader;
			sourceTree = "<group>";
		};
		436EAFD224F766240093A9AC /* DetailHeader */ = {
			isa = PBXGroup;
			children = (
				436EAFD324F766520093A9AC /* DetailHeader.swift */,
				436EAFD424F766520093A9AC /* DetailHeader.xib */,
			);
			path = DetailHeader;
			sourceTree = "<group>";
		};
		43D9688524EDE91C00A1EE49 /* Controller */ = {
			isa = PBXGroup;
			children = (
				43F4E27024ECE8900075CAF1 /* DiscoverVC.swift */,
				43D9689824EE127400A1EE49 /* AuthVC.swift */,
				43F092AB24F25FFE000DC2AD /* SearchVC.swift */,
				43B9B85D24F2646F00A4211C /* MovieDetailVC.swift */,
				43B9B86624F3BEAE00A4211C /* AllMoviesVC.swift */,
				431ECD3124FB30D2004C64D4 /* WatchListVC.swift */,
			);
			path = Controller;
			sourceTree = "<group>";
		};
		43D9688624EDE92000A1EE49 /* View */ = {
			isa = PBXGroup;
			children = (
				436EAFD024F766050093A9AC /* Header */,
				43D9688924EDE96400A1EE49 /* Cell */,
				43427D1124F9E8FC00DF6BE3 /* GradientView.swift */,
				431ECD2F24FA195A004C64D4 /* WRButton.swift */,
			);
			path = View;
			sourceTree = "<group>";
		};
		43D9688724EDE92300A1EE49 /* Model */ = {
			isa = PBXGroup;
			children = (
				4315FB1524EF6A66001BEDFD /* MovieResult.swift */,
				4315FB1924EF7EFB001BEDFD /* MovieFeed.swift */,
				43B9B86424F3627B00A4211C /* Section.swift */,
				4376CBDF24F53ED8009C1B82 /* MovieDetail.swift */,
				4376CBE124F53FAA009C1B82 /* Genre.swift */,
			);
			path = Model;
			sourceTree = "<group>";
		};
		43D9688824EDE93C00A1EE49 /* Util */ = {
			isa = PBXGroup;
			children = (
				4315FB1224EF566D001BEDFD /* Service */,
				43D9689124EDEA6C00A1EE49 /* Network */,
				43D9688A24EDE99600A1EE49 /* Constants.swift */,
				43F092A924F1F841000DC2AD /* ReviewManager.swift */,
			);
			path = Util;
			sourceTree = "<group>";
		};
		43D9688924EDE96400A1EE49 /* Cell */ = {
			isa = PBXGroup;
			children = (
				43427D1724F9EDC900DF6BE3 /* GenreCell */,
				436EAFC324F763BC0093A9AC /* DescriptionCell */,
				436EAFC024F763850093A9AC /* PersonCell */,
				4339A84424EFB02C00179C12 /* MovieCell */,
			);
			path = Cell;
			sourceTree = "<group>";
		};
		43D9689124EDEA6C00A1EE49 /* Network */ = {
			isa = PBXGroup;
			children = (
				43D9688E24EDEA0B00A1EE49 /* RESTful.swift */,
			);
			path = Network;
			sourceTree = "<group>";
		};
		43D9689224EDEBB800A1EE49 /* Secrets */ = {
			isa = PBXGroup;
			children = (
				43D9688C24EDE9AC00A1EE49 /* Secrets.swift */,
			);
			path = Secrets;
			sourceTree = "<group>";
		};
		43D9689324EDFCD700A1EE49 /* Extension */ = {
			isa = PBXGroup;
			children = (
				43D9689424EDFCEA00A1EE49 /* UIColorExtension.swift */,
				43D9689624EE11DB00A1EE49 /* UIViewExtension.swift */,
				43D9689A24EE132B00A1EE49 /* UIViewControllerExtension.swift */,
				43427D0A24F8AFD400DF6BE3 /* UIImageExtension.swift */,
				43427D0F24F919EC00DF6BE3 /* DateExtension.swift */,
			);
			path = Extension;
			sourceTree = "<group>";
		};
		43F4E26024ECE8900075CAF1 = {
			isa = PBXGroup;
			children = (
				43F4E26B24ECE8900075CAF1 /* WatchRoom */,
				43F4E28424ECE8920075CAF1 /* WatchRoomTests */,
				43F4E28F24ECE8920075CAF1 /* WatchRoomUITests */,
				43F4E26A24ECE8900075CAF1 /* Products */,
				51E8BB91CD9BDC8B852C614D /* Pods */,
				91475B7FE598309EE234B48D /* Frameworks */,
			);
			sourceTree = "<group>";
		};
		43F4E26A24ECE8900075CAF1 /* Products */ = {
			isa = PBXGroup;
			children = (
				43F4E26924ECE8900075CAF1 /* WatchRoom.app */,
				43F4E28124ECE8920075CAF1 /* WatchRoomTests.xctest */,
				43F4E28C24ECE8920075CAF1 /* WatchRoomUITests.xctest */,
			);
			name = Products;
			sourceTree = "<group>";
		};
		43F4E26B24ECE8900075CAF1 /* WatchRoom */ = {
			isa = PBXGroup;
			children = (
				43D9688724EDE92300A1EE49 /* Model */,
				43D9688624EDE92000A1EE49 /* View */,
				43D9688524EDE91C00A1EE49 /* Controller */,
				43D9689324EDFCD700A1EE49 /* Extension */,
				43D9688824EDE93C00A1EE49 /* Util */,
				43D9689224EDEBB800A1EE49 /* Secrets */,
				43845D6B24ED031C00448552 /* WatchRoom.entitlements */,
				43F4E26C24ECE8900075CAF1 /* AppDelegate.swift */,
				43F4E26E24ECE8900075CAF1 /* SceneDelegate.swift */,
				43F4E27224ECE8900075CAF1 /* Main.storyboard */,
				43F4E27724ECE8920075CAF1 /* Assets.xcassets */,
				43F4E27924ECE8920075CAF1 /* LaunchScreen.storyboard */,
				43F4E27C24ECE8920075CAF1 /* Info.plist */,
				4315CC2624ECF9DC0067B7D1 /* GoogleService-Info.plist */,
			);
			path = WatchRoom;
			sourceTree = "<group>";
		};
		43F4E28424ECE8920075CAF1 /* WatchRoomTests */ = {
			isa = PBXGroup;
			children = (
				43F4E28524ECE8920075CAF1 /* WatchRoomTests.swift */,
				43F4E28724ECE8920075CAF1 /* Info.plist */,
			);
			path = WatchRoomTests;
			sourceTree = "<group>";
		};
		43F4E28F24ECE8920075CAF1 /* WatchRoomUITests */ = {
			isa = PBXGroup;
			children = (
				43F4E29024ECE8920075CAF1 /* WatchRoomUITests.swift */,
				43F4E29224ECE8920075CAF1 /* Info.plist */,
			);
			path = WatchRoomUITests;
			sourceTree = "<group>";
		};
		51E8BB91CD9BDC8B852C614D /* Pods */ = {
			isa = PBXGroup;
			children = (
				4A9785891997D648CC43B984 /* Pods-WatchRoom.debug.xcconfig */,
				3C3E6C21A2714A0DDF472652 /* Pods-WatchRoom.release.xcconfig */,
				076AB5D4B06EB67332EB629D /* Pods-WatchRoom-WatchRoomUITests.debug.xcconfig */,
				4CBDFF5FD4E78346E41347F9 /* Pods-WatchRoom-WatchRoomUITests.release.xcconfig */,
				6DD244B6199BB9CAE7A89AD4 /* Pods-WatchRoomTests.debug.xcconfig */,
				40DDF7CA8B29612EE7388BD7 /* Pods-WatchRoomTests.release.xcconfig */,
			);
			path = Pods;
			sourceTree = "<group>";
		};
		91475B7FE598309EE234B48D /* Frameworks */ = {
			isa = PBXGroup;
			children = (
				40230B4A2AE2F1F5E0133239 /* Pods_WatchRoom.framework */,
				0DC3E357ED31A5144FF58E1E /* Pods_WatchRoom_WatchRoomUITests.framework */,
				F02046E1EF9CD7B76792B4C2 /* Pods_WatchRoomTests.framework */,
			);
			name = Frameworks;
			sourceTree = "<group>";
		};
/* End PBXGroup section */

/* Begin PBXNativeTarget section */
		43F4E26824ECE8900075CAF1 /* WatchRoom */ = {
			isa = PBXNativeTarget;
			buildConfigurationList = 43F4E29524ECE8920075CAF1 /* Build configuration list for PBXNativeTarget "WatchRoom" */;
			buildPhases = (
				0FFEA6830B582E9704CD1B2A /* [CP] Check Pods Manifest.lock */,
				43F4E26524ECE8900075CAF1 /* Sources */,
				43F4E26624ECE8900075CAF1 /* Frameworks */,
				43F4E26724ECE8900075CAF1 /* Resources */,
				A31F213F9DA724648F1B2D96 /* [CP] Embed Pods Frameworks */,
				43FACF2C24EE160F0088D1D9 /* ShellScript */,
			);
			buildRules = (
			);
			dependencies = (
			);
			name = WatchRoom;
			packageProductDependencies = (
			);
			productName = WatchRoom;
			productReference = 43F4E26924ECE8900075CAF1 /* WatchRoom.app */;
			productType = "com.apple.product-type.application";
		};
		43F4E28024ECE8920075CAF1 /* WatchRoomTests */ = {
			isa = PBXNativeTarget;
			buildConfigurationList = 43F4E29824ECE8920075CAF1 /* Build configuration list for PBXNativeTarget "WatchRoomTests" */;
			buildPhases = (
				8CA8ADBD057E686B3E381397 /* [CP] Check Pods Manifest.lock */,
				43F4E27D24ECE8920075CAF1 /* Sources */,
				43F4E27E24ECE8920075CAF1 /* Frameworks */,
				43F4E27F24ECE8920075CAF1 /* Resources */,
			);
			buildRules = (
			);
			dependencies = (
				43F4E28324ECE8920075CAF1 /* PBXTargetDependency */,
			);
			name = WatchRoomTests;
			productName = WatchRoomTests;
			productReference = 43F4E28124ECE8920075CAF1 /* WatchRoomTests.xctest */;
			productType = "com.apple.product-type.bundle.unit-test";
		};
		43F4E28B24ECE8920075CAF1 /* WatchRoomUITests */ = {
			isa = PBXNativeTarget;
			buildConfigurationList = 43F4E29B24ECE8920075CAF1 /* Build configuration list for PBXNativeTarget "WatchRoomUITests" */;
			buildPhases = (
				DE7EEFBFBBA0E76585D63139 /* [CP] Check Pods Manifest.lock */,
				43F4E28824ECE8920075CAF1 /* Sources */,
				43F4E28924ECE8920075CAF1 /* Frameworks */,
				43F4E28A24ECE8920075CAF1 /* Resources */,
				998A19B8D7963F4E4544729D /* [CP] Embed Pods Frameworks */,
			);
			buildRules = (
			);
			dependencies = (
				43F4E28E24ECE8920075CAF1 /* PBXTargetDependency */,
			);
			name = WatchRoomUITests;
			productName = WatchRoomUITests;
			productReference = 43F4E28C24ECE8920075CAF1 /* WatchRoomUITests.xctest */;
			productType = "com.apple.product-type.bundle.ui-testing";
		};
/* End PBXNativeTarget section */

/* Begin PBXProject section */
		43F4E26124ECE8900075CAF1 /* Project object */ = {
			isa = PBXProject;
			attributes = {
				LastSwiftUpdateCheck = 1200;
				LastUpgradeCheck = 1200;
				TargetAttributes = {
					43F4E26824ECE8900075CAF1 = {
						CreatedOnToolsVersion = 12.0;
					};
					43F4E28024ECE8920075CAF1 = {
						CreatedOnToolsVersion = 12.0;
						TestTargetID = 43F4E26824ECE8900075CAF1;
					};
					43F4E28B24ECE8920075CAF1 = {
						CreatedOnToolsVersion = 12.0;
						TestTargetID = 43F4E26824ECE8900075CAF1;
					};
				};
			};
			buildConfigurationList = 43F4E26424ECE8900075CAF1 /* Build configuration list for PBXProject "WatchRoom" */;
			compatibilityVersion = "Xcode 9.3";
			developmentRegion = en;
			hasScannedForEncodings = 0;
			knownRegions = (
				en,
				Base,
			);
			mainGroup = 43F4E26024ECE8900075CAF1;
			packageReferences = (
			);
			productRefGroup = 43F4E26A24ECE8900075CAF1 /* Products */;
			projectDirPath = "";
			projectRoot = "";
			targets = (
				43F4E26824ECE8900075CAF1 /* WatchRoom */,
				43F4E28024ECE8920075CAF1 /* WatchRoomTests */,
				43F4E28B24ECE8920075CAF1 /* WatchRoomUITests */,
			);
		};
/* End PBXProject section */

/* Begin PBXResourcesBuildPhase section */
		43F4E26724ECE8900075CAF1 /* Resources */ = {
			isa = PBXResourcesBuildPhase;
			buildActionMask = 2147483647;
			files = (
				436EAFCF24F764140093A9AC /* DescriptionCell.xib in Resources */,
				43F4E27B24ECE8920075CAF1 /* LaunchScreen.storyboard in Resources */,
				4315CC2724ECF9DC0067B7D1 /* GoogleService-Info.plist in Resources */,
				436EAFC924F763EB0093A9AC /* PersonCell.xib in Resources */,
				4339A84924EFB0E200179C12 /* SectionHeader.xib in Resources */,
				43F4E27824ECE8920075CAF1 /* Assets.xcassets in Resources */,
				436EAFD624F766520093A9AC /* DetailHeader.xib in Resources */,
				43F4E27424ECE8900075CAF1 /* Main.storyboard in Resources */,
				4315FB1E24EF8A18001BEDFD /* MovieCell.xib in Resources */,
				43427D1624F9EDC300DF6BE3 /* GenreCell.xib in Resources */,
			);
			runOnlyForDeploymentPostprocessing = 0;
		};
		43F4E27F24ECE8920075CAF1 /* Resources */ = {
			isa = PBXResourcesBuildPhase;
			buildActionMask = 2147483647;
			files = (
			);
			runOnlyForDeploymentPostprocessing = 0;
		};
		43F4E28A24ECE8920075CAF1 /* Resources */ = {
			isa = PBXResourcesBuildPhase;
			buildActionMask = 2147483647;
			files = (
			);
			runOnlyForDeploymentPostprocessing = 0;
		};
/* End PBXResourcesBuildPhase section */

/* Begin PBXShellScriptBuildPhase section */
		0FFEA6830B582E9704CD1B2A /* [CP] Check Pods Manifest.lock */ = {
			isa = PBXShellScriptBuildPhase;
			buildActionMask = 2147483647;
			files = (
			);
			inputFileListPaths = (
			);
			inputPaths = (
				"${PODS_PODFILE_DIR_PATH}/Podfile.lock",
				"${PODS_ROOT}/Manifest.lock",
			);
			name = "[CP] Check Pods Manifest.lock";
			outputFileListPaths = (
			);
			outputPaths = (
				"$(DERIVED_FILE_DIR)/Pods-WatchRoom-checkManifestLockResult.txt",
			);
			runOnlyForDeploymentPostprocessing = 0;
			shellPath = /bin/sh;
			shellScript = "diff \"${PODS_PODFILE_DIR_PATH}/Podfile.lock\" \"${PODS_ROOT}/Manifest.lock\" > /dev/null\nif [ $? != 0 ] ; then\n    # print error to STDERR\n    echo \"error: The sandbox is not in sync with the Podfile.lock. Run 'pod install' or update your CocoaPods installation.\" >&2\n    exit 1\nfi\n# This output is used by Xcode 'outputs' to avoid re-running this script phase.\necho \"SUCCESS\" > \"${SCRIPT_OUTPUT_FILE_0}\"\n";
			showEnvVarsInLog = 0;
		};
		43FACF2C24EE160F0088D1D9 /* ShellScript */ = {
			isa = PBXShellScriptBuildPhase;
			buildActionMask = 2147483647;
			files = (
			);
			inputFileListPaths = (
			);
			inputPaths = (
				"${DWARF_DSYM_FOLDER_PATH}/${DWARF_DSYM_FILE_NAME}/Contents/Resources/DWARF/${TARGET_NAME}",
				"$(SRCROOT)/$(BUILT_PRODUCTS_DIR)/$(INFOPLIST_PATH)",
			);
			outputFileListPaths = (
			);
			outputPaths = (
			);
			runOnlyForDeploymentPostprocessing = 0;
			shellPath = /bin/sh;
			shellScript = "# Type a script or drag a script file from your workspace to insert its path.\n\"${PODS_ROOT}/FirebaseCrashlytics/run\"\n";
		};
		8CA8ADBD057E686B3E381397 /* [CP] Check Pods Manifest.lock */ = {
			isa = PBXShellScriptBuildPhase;
			buildActionMask = 2147483647;
			files = (
			);
			inputFileListPaths = (
			);
			inputPaths = (
				"${PODS_PODFILE_DIR_PATH}/Podfile.lock",
				"${PODS_ROOT}/Manifest.lock",
			);
			name = "[CP] Check Pods Manifest.lock";
			outputFileListPaths = (
			);
			outputPaths = (
				"$(DERIVED_FILE_DIR)/Pods-WatchRoomTests-checkManifestLockResult.txt",
			);
			runOnlyForDeploymentPostprocessing = 0;
			shellPath = /bin/sh;
			shellScript = "diff \"${PODS_PODFILE_DIR_PATH}/Podfile.lock\" \"${PODS_ROOT}/Manifest.lock\" > /dev/null\nif [ $? != 0 ] ; then\n    # print error to STDERR\n    echo \"error: The sandbox is not in sync with the Podfile.lock. Run 'pod install' or update your CocoaPods installation.\" >&2\n    exit 1\nfi\n# This output is used by Xcode 'outputs' to avoid re-running this script phase.\necho \"SUCCESS\" > \"${SCRIPT_OUTPUT_FILE_0}\"\n";
			showEnvVarsInLog = 0;
		};
		998A19B8D7963F4E4544729D /* [CP] Embed Pods Frameworks */ = {
			isa = PBXShellScriptBuildPhase;
			buildActionMask = 2147483647;
			files = (
			);
			inputFileListPaths = (
				"${PODS_ROOT}/Target Support Files/Pods-WatchRoom-WatchRoomUITests/Pods-WatchRoom-WatchRoomUITests-frameworks-${CONFIGURATION}-input-files.xcfilelist",
			);
			name = "[CP] Embed Pods Frameworks";
			outputFileListPaths = (
				"${PODS_ROOT}/Target Support Files/Pods-WatchRoom-WatchRoomUITests/Pods-WatchRoom-WatchRoomUITests-frameworks-${CONFIGURATION}-output-files.xcfilelist",
			);
			runOnlyForDeploymentPostprocessing = 0;
			shellPath = /bin/sh;
			shellScript = "\"${PODS_ROOT}/Target Support Files/Pods-WatchRoom-WatchRoomUITests/Pods-WatchRoom-WatchRoomUITests-frameworks.sh\"\n";
			showEnvVarsInLog = 0;
		};
		A31F213F9DA724648F1B2D96 /* [CP] Embed Pods Frameworks */ = {
			isa = PBXShellScriptBuildPhase;
			buildActionMask = 2147483647;
			files = (
			);
			inputFileListPaths = (
				"${PODS_ROOT}/Target Support Files/Pods-WatchRoom/Pods-WatchRoom-frameworks-${CONFIGURATION}-input-files.xcfilelist",
			);
			name = "[CP] Embed Pods Frameworks";
			outputFileListPaths = (
				"${PODS_ROOT}/Target Support Files/Pods-WatchRoom/Pods-WatchRoom-frameworks-${CONFIGURATION}-output-files.xcfilelist",
			);
			runOnlyForDeploymentPostprocessing = 0;
			shellPath = /bin/sh;
			shellScript = "\"${PODS_ROOT}/Target Support Files/Pods-WatchRoom/Pods-WatchRoom-frameworks.sh\"\n";
			showEnvVarsInLog = 0;
		};
		DE7EEFBFBBA0E76585D63139 /* [CP] Check Pods Manifest.lock */ = {
			isa = PBXShellScriptBuildPhase;
			buildActionMask = 2147483647;
			files = (
			);
			inputFileListPaths = (
			);
			inputPaths = (
				"${PODS_PODFILE_DIR_PATH}/Podfile.lock",
				"${PODS_ROOT}/Manifest.lock",
			);
			name = "[CP] Check Pods Manifest.lock";
			outputFileListPaths = (
			);
			outputPaths = (
				"$(DERIVED_FILE_DIR)/Pods-WatchRoom-WatchRoomUITests-checkManifestLockResult.txt",
			);
			runOnlyForDeploymentPostprocessing = 0;
			shellPath = /bin/sh;
			shellScript = "diff \"${PODS_PODFILE_DIR_PATH}/Podfile.lock\" \"${PODS_ROOT}/Manifest.lock\" > /dev/null\nif [ $? != 0 ] ; then\n    # print error to STDERR\n    echo \"error: The sandbox is not in sync with the Podfile.lock. Run 'pod install' or update your CocoaPods installation.\" >&2\n    exit 1\nfi\n# This output is used by Xcode 'outputs' to avoid re-running this script phase.\necho \"SUCCESS\" > \"${SCRIPT_OUTPUT_FILE_0}\"\n";
			showEnvVarsInLog = 0;
		};
/* End PBXShellScriptBuildPhase section */

/* Begin PBXSourcesBuildPhase section */
		43F4E26524ECE8900075CAF1 /* Sources */ = {
			isa = PBXSourcesBuildPhase;
			buildActionMask = 2147483647;
			files = (
				43B9B85E24F2646F00A4211C /* MovieDetailVC.swift in Sources */,
				4315FB1A24EF7EFB001BEDFD /* MovieFeed.swift in Sources */,
				4376CBE224F53FAA009C1B82 /* Genre.swift in Sources */,
				43F4E27124ECE8900075CAF1 /* DiscoverVC.swift in Sources */,
				43D9688D24EDE9AC00A1EE49 /* Secrets.swift in Sources */,
				43427D0B24F8AFD400DF6BE3 /* UIImageExtension.swift in Sources */,
				4315FB1624EF6A66001BEDFD /* MovieResult.swift in Sources */,
				43B9B86524F3627B00A4211C /* Section.swift in Sources */,
				43D9689B24EE132B00A1EE49 /* UIViewControllerExtension.swift in Sources */,
				4315FB1824EF6D8C001BEDFD /* MovieService.swift in Sources */,
				43D9689524EDFCEA00A1EE49 /* UIColorExtension.swift in Sources */,
				43F4E26D24ECE8900075CAF1 /* AppDelegate.swift in Sources */,
				4315FB1D24EF8A18001BEDFD /* MovieCell.swift in Sources */,
				43D9688F24EDEA0B00A1EE49 /* RESTful.swift in Sources */,
				43427D1024F919EC00DF6BE3 /* DateExtension.swift in Sources */,
				43B9B86724F3BEAE00A4211C /* AllMoviesVC.swift in Sources */,
				4315FB1424EF5689001BEDFD /* UserService.swift in Sources */,
				43F4E26F24ECE8900075CAF1 /* SceneDelegate.swift in Sources */,
				43F092AC24F25FFE000DC2AD /* SearchVC.swift in Sources */,
				43F092AA24F1F842000DC2AD /* ReviewManager.swift in Sources */,
				436EAFC824F763EB0093A9AC /* PersonCell.swift in Sources */,
				4339A84824EFB0E200179C12 /* SectionHeader.swift in Sources */,
				43D9689724EE11DB00A1EE49 /* UIViewExtension.swift in Sources */,
				43427D1524F9EDC300DF6BE3 /* GenreCell.swift in Sources */,
				431ECD3224FB30D3004C64D4 /* WatchListVC.swift in Sources */,
				43D9689924EE127400A1EE49 /* AuthVC.swift in Sources */,
				43D9688B24EDE99600A1EE49 /* Constants.swift in Sources */,
				436EAFD524F766520093A9AC /* DetailHeader.swift in Sources */,
				43427D1224F9E8FD00DF6BE3 /* GradientView.swift in Sources */,
				4376CBE024F53ED9009C1B82 /* MovieDetail.swift in Sources */,
				431ECD3024FA195A004C64D4 /* WRButton.swift in Sources */,
				436EAFCE24F764140093A9AC /* DescriptionCell.swift in Sources */,
			);
			runOnlyForDeploymentPostprocessing = 0;
		};
		43F4E27D24ECE8920075CAF1 /* Sources */ = {
			isa = PBXSourcesBuildPhase;
			buildActionMask = 2147483647;
			files = (
				43F4E28624ECE8920075CAF1 /* WatchRoomTests.swift in Sources */,
			);
			runOnlyForDeploymentPostprocessing = 0;
		};
		43F4E28824ECE8920075CAF1 /* Sources */ = {
			isa = PBXSourcesBuildPhase;
			buildActionMask = 2147483647;
			files = (
				43F4E29124ECE8920075CAF1 /* WatchRoomUITests.swift in Sources */,
			);
			runOnlyForDeploymentPostprocessing = 0;
		};
/* End PBXSourcesBuildPhase section */

/* Begin PBXTargetDependency section */
		43F4E28324ECE8920075CAF1 /* PBXTargetDependency */ = {
			isa = PBXTargetDependency;
			target = 43F4E26824ECE8900075CAF1 /* WatchRoom */;
			targetProxy = 43F4E28224ECE8920075CAF1 /* PBXContainerItemProxy */;
		};
		43F4E28E24ECE8920075CAF1 /* PBXTargetDependency */ = {
			isa = PBXTargetDependency;
			target = 43F4E26824ECE8900075CAF1 /* WatchRoom */;
			targetProxy = 43F4E28D24ECE8920075CAF1 /* PBXContainerItemProxy */;
		};
/* End PBXTargetDependency section */

/* Begin PBXVariantGroup section */
		43F4E27224ECE8900075CAF1 /* Main.storyboard */ = {
			isa = PBXVariantGroup;
			children = (
				43F4E27324ECE8900075CAF1 /* Base */,
			);
			name = Main.storyboard;
			sourceTree = "<group>";
		};
		43F4E27924ECE8920075CAF1 /* LaunchScreen.storyboard */ = {
			isa = PBXVariantGroup;
			children = (
				43F4E27A24ECE8920075CAF1 /* Base */,
			);
			name = LaunchScreen.storyboard;
			sourceTree = "<group>";
		};
/* End PBXVariantGroup section */

/* Begin XCBuildConfiguration section */
		43F4E29324ECE8920075CAF1 /* Debug */ = {
			isa = XCBuildConfiguration;
			buildSettings = {
				ALWAYS_SEARCH_USER_PATHS = NO;
				CLANG_ANALYZER_LOCALIZABILITY_NONLOCALIZED = YES;
				CLANG_ANALYZER_NONNULL = YES;
				CLANG_ANALYZER_NUMBER_OBJECT_CONVERSION = YES_AGGRESSIVE;
				CLANG_CXX_LANGUAGE_STANDARD = "gnu++14";
				CLANG_CXX_LIBRARY = "libc++";
				CLANG_ENABLE_MODULES = YES;
				CLANG_ENABLE_OBJC_ARC = YES;
				CLANG_ENABLE_OBJC_WEAK = YES;
				CLANG_WARN_BLOCK_CAPTURE_AUTORELEASING = YES;
				CLANG_WARN_BOOL_CONVERSION = YES;
				CLANG_WARN_COMMA = YES;
				CLANG_WARN_CONSTANT_CONVERSION = YES;
				CLANG_WARN_DEPRECATED_OBJC_IMPLEMENTATIONS = YES;
				CLANG_WARN_DIRECT_OBJC_ISA_USAGE = YES_ERROR;
				CLANG_WARN_DOCUMENTATION_COMMENTS = YES;
				CLANG_WARN_EMPTY_BODY = YES;
				CLANG_WARN_ENUM_CONVERSION = YES;
				CLANG_WARN_INFINITE_RECURSION = YES;
				CLANG_WARN_INT_CONVERSION = YES;
				CLANG_WARN_NON_LITERAL_NULL_CONVERSION = YES;
				CLANG_WARN_OBJC_IMPLICIT_RETAIN_SELF = YES;
				CLANG_WARN_OBJC_LITERAL_CONVERSION = YES;
				CLANG_WARN_OBJC_ROOT_CLASS = YES_ERROR;
				CLANG_WARN_QUOTED_INCLUDE_IN_FRAMEWORK_HEADER = YES;
				CLANG_WARN_RANGE_LOOP_ANALYSIS = YES;
				CLANG_WARN_STRICT_PROTOTYPES = YES;
				CLANG_WARN_SUSPICIOUS_MOVE = YES;
				CLANG_WARN_UNGUARDED_AVAILABILITY = YES_AGGRESSIVE;
				CLANG_WARN_UNREACHABLE_CODE = YES;
				CLANG_WARN__DUPLICATE_METHOD_MATCH = YES;
				COPY_PHASE_STRIP = NO;
				DEBUG_INFORMATION_FORMAT = "dwarf-with-dsym";
				ENABLE_STRICT_OBJC_MSGSEND = YES;
				ENABLE_TESTABILITY = YES;
				GCC_C_LANGUAGE_STANDARD = gnu11;
				GCC_DYNAMIC_NO_PIC = NO;
				GCC_NO_COMMON_BLOCKS = YES;
				GCC_OPTIMIZATION_LEVEL = 0;
				GCC_PREPROCESSOR_DEFINITIONS = (
					"DEBUG=1",
					"$(inherited)",
				);
				GCC_WARN_64_TO_32_BIT_CONVERSION = YES;
				GCC_WARN_ABOUT_RETURN_TYPE = YES_ERROR;
				GCC_WARN_UNDECLARED_SELECTOR = YES;
				GCC_WARN_UNINITIALIZED_AUTOS = YES_AGGRESSIVE;
				GCC_WARN_UNUSED_FUNCTION = YES;
				GCC_WARN_UNUSED_VARIABLE = YES;
				IPHONEOS_DEPLOYMENT_TARGET = 13.0;
				MTL_ENABLE_DEBUG_INFO = INCLUDE_SOURCE;
				MTL_FAST_MATH = YES;
				ONLY_ACTIVE_ARCH = YES;
				SDKROOT = iphoneos;
				SWIFT_ACTIVE_COMPILATION_CONDITIONS = DEBUG;
				SWIFT_OPTIMIZATION_LEVEL = "-Onone";
			};
			name = Debug;
		};
		43F4E29424ECE8920075CAF1 /* Release */ = {
			isa = XCBuildConfiguration;
			buildSettings = {
				ALWAYS_SEARCH_USER_PATHS = NO;
				CLANG_ANALYZER_LOCALIZABILITY_NONLOCALIZED = YES;
				CLANG_ANALYZER_NONNULL = YES;
				CLANG_ANALYZER_NUMBER_OBJECT_CONVERSION = YES_AGGRESSIVE;
				CLANG_CXX_LANGUAGE_STANDARD = "gnu++14";
				CLANG_CXX_LIBRARY = "libc++";
				CLANG_ENABLE_MODULES = YES;
				CLANG_ENABLE_OBJC_ARC = YES;
				CLANG_ENABLE_OBJC_WEAK = YES;
				CLANG_WARN_BLOCK_CAPTURE_AUTORELEASING = YES;
				CLANG_WARN_BOOL_CONVERSION = YES;
				CLANG_WARN_COMMA = YES;
				CLANG_WARN_CONSTANT_CONVERSION = YES;
				CLANG_WARN_DEPRECATED_OBJC_IMPLEMENTATIONS = YES;
				CLANG_WARN_DIRECT_OBJC_ISA_USAGE = YES_ERROR;
				CLANG_WARN_DOCUMENTATION_COMMENTS = YES;
				CLANG_WARN_EMPTY_BODY = YES;
				CLANG_WARN_ENUM_CONVERSION = YES;
				CLANG_WARN_INFINITE_RECURSION = YES;
				CLANG_WARN_INT_CONVERSION = YES;
				CLANG_WARN_NON_LITERAL_NULL_CONVERSION = YES;
				CLANG_WARN_OBJC_IMPLICIT_RETAIN_SELF = YES;
				CLANG_WARN_OBJC_LITERAL_CONVERSION = YES;
				CLANG_WARN_OBJC_ROOT_CLASS = YES_ERROR;
				CLANG_WARN_QUOTED_INCLUDE_IN_FRAMEWORK_HEADER = YES;
				CLANG_WARN_RANGE_LOOP_ANALYSIS = YES;
				CLANG_WARN_STRICT_PROTOTYPES = YES;
				CLANG_WARN_SUSPICIOUS_MOVE = YES;
				CLANG_WARN_UNGUARDED_AVAILABILITY = YES_AGGRESSIVE;
				CLANG_WARN_UNREACHABLE_CODE = YES;
				CLANG_WARN__DUPLICATE_METHOD_MATCH = YES;
				COPY_PHASE_STRIP = NO;
				DEBUG_INFORMATION_FORMAT = "dwarf-with-dsym";
				ENABLE_NS_ASSERTIONS = NO;
				ENABLE_STRICT_OBJC_MSGSEND = YES;
				GCC_C_LANGUAGE_STANDARD = gnu11;
				GCC_NO_COMMON_BLOCKS = YES;
				GCC_WARN_64_TO_32_BIT_CONVERSION = YES;
				GCC_WARN_ABOUT_RETURN_TYPE = YES_ERROR;
				GCC_WARN_UNDECLARED_SELECTOR = YES;
				GCC_WARN_UNINITIALIZED_AUTOS = YES_AGGRESSIVE;
				GCC_WARN_UNUSED_FUNCTION = YES;
				GCC_WARN_UNUSED_VARIABLE = YES;
				IPHONEOS_DEPLOYMENT_TARGET = 13.0;
				MTL_ENABLE_DEBUG_INFO = NO;
				MTL_FAST_MATH = YES;
				SDKROOT = iphoneos;
				SWIFT_COMPILATION_MODE = wholemodule;
				SWIFT_OPTIMIZATION_LEVEL = "-O";
				VALIDATE_PRODUCT = YES;
			};
			name = Release;
		};
		43F4E29624ECE8920075CAF1 /* Debug */ = {
			isa = XCBuildConfiguration;
			baseConfigurationReference = 4A9785891997D648CC43B984 /* Pods-WatchRoom.debug.xcconfig */;
			buildSettings = {
				ASSETCATALOG_COMPILER_APPICON_NAME = AppIcon;
				ASSETCATALOG_COMPILER_GLOBAL_ACCENT_COLOR_NAME = AccentColor;
				CODE_SIGN_ENTITLEMENTS = WatchRoom/WatchRoom.entitlements;
				CODE_SIGN_STYLE = Automatic;
				CURRENT_PROJECT_VERSION = 2;
				DEBUG_INFORMATION_FORMAT = "dwarf-with-dsym";
				DEVELOPMENT_TEAM = 727Q9XPG67;
				INFOPLIST_FILE = WatchRoom/Info.plist;
				IPHONEOS_DEPLOYMENT_TARGET = 13.0;
				LD_RUNPATH_SEARCH_PATHS = (
					"$(inherited)",
					"@executable_path/Frameworks",
				);
				MARKETING_VERSION = 2.0;
				PRODUCT_BUNDLE_IDENTIFIER = dev.dovgopol.MovieNight;
				PRODUCT_NAME = "$(TARGET_NAME)";
				SWIFT_VERSION = 5.0;
				TARGETED_DEVICE_FAMILY = 1;
			};
			name = Debug;
		};
		43F4E29724ECE8920075CAF1 /* Release */ = {
			isa = XCBuildConfiguration;
			baseConfigurationReference = 3C3E6C21A2714A0DDF472652 /* Pods-WatchRoom.release.xcconfig */;
			buildSettings = {
				ASSETCATALOG_COMPILER_APPICON_NAME = AppIcon;
				ASSETCATALOG_COMPILER_GLOBAL_ACCENT_COLOR_NAME = AccentColor;
				CODE_SIGN_ENTITLEMENTS = WatchRoom/WatchRoom.entitlements;
				CODE_SIGN_STYLE = Automatic;
				CURRENT_PROJECT_VERSION = 2;
				DEVELOPMENT_TEAM = 727Q9XPG67;
				INFOPLIST_FILE = WatchRoom/Info.plist;
				IPHONEOS_DEPLOYMENT_TARGET = 13.0;
				LD_RUNPATH_SEARCH_PATHS = (
					"$(inherited)",
					"@executable_path/Frameworks",
				);
				MARKETING_VERSION = 2.0;
				PRODUCT_BUNDLE_IDENTIFIER = dev.dovgopol.MovieNight;
				PRODUCT_NAME = "$(TARGET_NAME)";
				SWIFT_VERSION = 5.0;
				TARGETED_DEVICE_FAMILY = 1;
			};
			name = Release;
		};
		43F4E29924ECE8920075CAF1 /* Debug */ = {
			isa = XCBuildConfiguration;
			baseConfigurationReference = 6DD244B6199BB9CAE7A89AD4 /* Pods-WatchRoomTests.debug.xcconfig */;
			buildSettings = {
				ALWAYS_EMBED_SWIFT_STANDARD_LIBRARIES = YES;
				BUNDLE_LOADER = "$(TEST_HOST)";
				CODE_SIGN_STYLE = Automatic;
				DEVELOPMENT_TEAM = 727Q9XPG67;
				INFOPLIST_FILE = WatchRoomTests/Info.plist;
				IPHONEOS_DEPLOYMENT_TARGET = 13.0;
				LD_RUNPATH_SEARCH_PATHS = (
					"$(inherited)",
					"@executable_path/Frameworks",
					"@loader_path/Frameworks",
				);
				PRODUCT_BUNDLE_IDENTIFIER = dev.dovgopol.WatchRoomTests;
				PRODUCT_NAME = "$(TARGET_NAME)";
				SWIFT_VERSION = 5.0;
				TARGETED_DEVICE_FAMILY = "1,2";
				TEST_HOST = "$(BUILT_PRODUCTS_DIR)/WatchRoom.app/WatchRoom";
			};
			name = Debug;
		};
		43F4E29A24ECE8920075CAF1 /* Release */ = {
			isa = XCBuildConfiguration;
			baseConfigurationReference = 40DDF7CA8B29612EE7388BD7 /* Pods-WatchRoomTests.release.xcconfig */;
			buildSettings = {
				ALWAYS_EMBED_SWIFT_STANDARD_LIBRARIES = YES;
				BUNDLE_LOADER = "$(TEST_HOST)";
				CODE_SIGN_STYLE = Automatic;
				DEVELOPMENT_TEAM = 727Q9XPG67;
				INFOPLIST_FILE = WatchRoomTests/Info.plist;
				IPHONEOS_DEPLOYMENT_TARGET = 13.0;
				LD_RUNPATH_SEARCH_PATHS = (
					"$(inherited)",
					"@executable_path/Frameworks",
					"@loader_path/Frameworks",
				);
				PRODUCT_BUNDLE_IDENTIFIER = dev.dovgopol.WatchRoomTests;
				PRODUCT_NAME = "$(TARGET_NAME)";
				SWIFT_VERSION = 5.0;
				TARGETED_DEVICE_FAMILY = "1,2";
				TEST_HOST = "$(BUILT_PRODUCTS_DIR)/WatchRoom.app/WatchRoom";
			};
			name = Release;
		};
		43F4E29C24ECE8920075CAF1 /* Debug */ = {
			isa = XCBuildConfiguration;
			baseConfigurationReference = 076AB5D4B06EB67332EB629D /* Pods-WatchRoom-WatchRoomUITests.debug.xcconfig */;
			buildSettings = {
				ALWAYS_EMBED_SWIFT_STANDARD_LIBRARIES = YES;
				CODE_SIGN_STYLE = Automatic;
				DEVELOPMENT_TEAM = 727Q9XPG67;
				INFOPLIST_FILE = WatchRoomUITests/Info.plist;
				LD_RUNPATH_SEARCH_PATHS = (
					"$(inherited)",
					"@executable_path/Frameworks",
					"@loader_path/Frameworks",
				);
				PRODUCT_BUNDLE_IDENTIFIER = dev.dovgopol.WatchRoomUITests;
				PRODUCT_NAME = "$(TARGET_NAME)";
				SWIFT_VERSION = 5.0;
				TARGETED_DEVICE_FAMILY = "1,2";
				TEST_TARGET_NAME = WatchRoom;
			};
			name = Debug;
		};
		43F4E29D24ECE8920075CAF1 /* Release */ = {
			isa = XCBuildConfiguration;
			baseConfigurationReference = 4CBDFF5FD4E78346E41347F9 /* Pods-WatchRoom-WatchRoomUITests.release.xcconfig */;
			buildSettings = {
				ALWAYS_EMBED_SWIFT_STANDARD_LIBRARIES = YES;
				CODE_SIGN_STYLE = Automatic;
				DEVELOPMENT_TEAM = 727Q9XPG67;
				INFOPLIST_FILE = WatchRoomUITests/Info.plist;
				LD_RUNPATH_SEARCH_PATHS = (
					"$(inherited)",
					"@executable_path/Frameworks",
					"@loader_path/Frameworks",
				);
				PRODUCT_BUNDLE_IDENTIFIER = dev.dovgopol.WatchRoomUITests;
				PRODUCT_NAME = "$(TARGET_NAME)";
				SWIFT_VERSION = 5.0;
				TARGETED_DEVICE_FAMILY = "1,2";
				TEST_TARGET_NAME = WatchRoom;
			};
			name = Release;
		};
/* End XCBuildConfiguration section */

/* Begin XCConfigurationList section */
		43F4E26424ECE8900075CAF1 /* Build configuration list for PBXProject "WatchRoom" */ = {
			isa = XCConfigurationList;
			buildConfigurations = (
				43F4E29324ECE8920075CAF1 /* Debug */,
				43F4E29424ECE8920075CAF1 /* Release */,
			);
			defaultConfigurationIsVisible = 0;
			defaultConfigurationName = Release;
		};
		43F4E29524ECE8920075CAF1 /* Build configuration list for PBXNativeTarget "WatchRoom" */ = {
			isa = XCConfigurationList;
			buildConfigurations = (
				43F4E29624ECE8920075CAF1 /* Debug */,
				43F4E29724ECE8920075CAF1 /* Release */,
			);
			defaultConfigurationIsVisible = 0;
			defaultConfigurationName = Release;
		};
		43F4E29824ECE8920075CAF1 /* Build configuration list for PBXNativeTarget "WatchRoomTests" */ = {
			isa = XCConfigurationList;
			buildConfigurations = (
				43F4E29924ECE8920075CAF1 /* Debug */,
				43F4E29A24ECE8920075CAF1 /* Release */,
			);
			defaultConfigurationIsVisible = 0;
			defaultConfigurationName = Release;
		};
		43F4E29B24ECE8920075CAF1 /* Build configuration list for PBXNativeTarget "WatchRoomUITests" */ = {
			isa = XCConfigurationList;
			buildConfigurations = (
				43F4E29C24ECE8920075CAF1 /* Debug */,
				43F4E29D24ECE8920075CAF1 /* Release */,
			);
			defaultConfigurationIsVisible = 0;
			defaultConfigurationName = Release;
		};
/* End XCConfigurationList section */
	};
	rootObject = 43F4E26124ECE8900075CAF1 /* Project object */;
}
